// !$*UTF8*$!
{
	archiveVersion = 1;
	classes = {
	};
	objectVersion = 50;
	objects = {

/* Begin PBXBuildFile section */
		833BAAC226EE6AC800084A7F /* ScienceApp.swift in Sources */ = {isa = PBXBuildFile; fileRef = 833BAAC126EE6AC800084A7F /* ScienceApp.swift */; };
		833BAAC426EE6AC800084A7F /* ContentView.swift in Sources */ = {isa = PBXBuildFile; fileRef = 833BAAC326EE6AC800084A7F /* ContentView.swift */; };
		833BAAC626EE6ACC00084A7F /* Assets.xcassets in Resources */ = {isa = PBXBuildFile; fileRef = 833BAAC526EE6ACC00084A7F /* Assets.xcassets */; };
		833BAAC926EE6ACC00084A7F /* Preview Assets.xcassets in Resources */ = {isa = PBXBuildFile; fileRef = 833BAAC826EE6ACC00084A7F /* Preview Assets.xcassets */; };
		833BAACB26EE6ACC00084A7F /* Persistence.swift in Sources */ = {isa = PBXBuildFile; fileRef = 833BAACA26EE6ACC00084A7F /* Persistence.swift */; };
		833BAACE26EE6ACC00084A7F /* Science.xcdatamodeld in Sources */ = {isa = PBXBuildFile; fileRef = 833BAACC26EE6ACC00084A7F /* Science.xcdatamodeld */; };
/* End PBXBuildFile section */

/* Begin PBXFileReference section */
		833BAABE26EE6AC800084A7F /* Science.app */ = {isa = PBXFileReference; explicitFileType = wrapper.application; includeInIndex = 0; path = Science.app; sourceTree = BUILT_PRODUCTS_DIR; };
		833BAAC126EE6AC800084A7F /* ScienceApp.swift */ = {isa = PBXFileReference; lastKnownFileType = sourcecode.swift; path = ScienceApp.swift; sourceTree = "<group>"; };
		833BAAC326EE6AC800084A7F /* ContentView.swift */ = {isa = PBXFileReference; lastKnownFileType = sourcecode.swift; path = ContentView.swift; sourceTree = "<group>"; };
		833BAAC526EE6ACC00084A7F /* Assets.xcassets */ = {isa = PBXFileReference; lastKnownFileType = folder.assetcatalog; path = Assets.xcassets; sourceTree = "<group>"; };
		833BAAC826EE6ACC00084A7F /* Preview Assets.xcassets */ = {isa = PBXFileReference; lastKnownFileType = folder.assetcatalog; path = "Preview Assets.xcassets"; sourceTree = "<group>"; };
		833BAACA26EE6ACC00084A7F /* Persistence.swift */ = {isa = PBXFileReference; lastKnownFileType = sourcecode.swift; path = Persistence.swift; sourceTree = "<group>"; };
		833BAACD26EE6ACC00084A7F /* Science.xcdatamodel */ = {isa = PBXFileReference; lastKnownFileType = wrapper.xcdatamodel; path = Science.xcdatamodel; sourceTree = "<group>"; };
		833BAACF26EE6ACC00084A7F /* Info.plist */ = {isa = PBXFileReference; lastKnownFileType = text.plist.xml; path = Info.plist; sourceTree = "<group>"; };
/* End PBXFileReference section */

/* Begin PBXFrameworksBuildPhase section */
		833BAABB26EE6AC800084A7F /* Frameworks */ = {
			isa = PBXFrameworksBuildPhase;
			buildActionMask = 2147483647;
			files = (
			);
			runOnlyForDeploymentPostprocessing = 0;
		};
/* End PBXFrameworksBuildPhase section */

/* Begin PBXGroup section */
		833BAAB526EE6AC800084A7F = {
			isa = PBXGroup;
			children = (
				833BAAC026EE6AC800084A7F /* Science */,
				833BAABF26EE6AC800084A7F /* Products */,
			);
			sourceTree = "<group>";
		};
		833BAABF26EE6AC800084A7F /* Products */ = {
			isa = PBXGroup;
			children = (
				833BAABE26EE6AC800084A7F /* Science.app */,
			);
			name = Products;
			sourceTree = "<group>";
		};
		833BAAC026EE6AC800084A7F /* Science */ = {
			isa = PBXGroup;
			children = (
				833BAAC126EE6AC800084A7F /* ScienceApp.swift */,
				833BAAC326EE6AC800084A7F /* ContentView.swift */,
				833BAAC526EE6ACC00084A7F /* Assets.xcassets */,
				833BAACA26EE6ACC00084A7F /* Persistence.swift */,
				833BAACF26EE6ACC00084A7F /* Info.plist */,
				833BAACC26EE6ACC00084A7F /* Science.xcdatamodeld */,
				833BAAC726EE6ACC00084A7F /* Preview Content */,
			);
			path = Science;
			sourceTree = "<group>";
		};
		833BAAC726EE6ACC00084A7F /* Preview Content */ = {
			isa = PBXGroup;
			children = (
				833BAAC826EE6ACC00084A7F /* Preview Assets.xcassets */,
			);
			path = "Preview Content";
			sourceTree = "<group>";
		};
/* End PBXGroup section */

/* Begin PBXNativeTarget section */
		833BAABD26EE6AC800084A7F /* Science */ = {
			isa = PBXNativeTarget;
			buildConfigurationList = 833BAAD226EE6ACC00084A7F /* Build configuration list for PBXNativeTarget "Science" */;
			buildPhases = (
				833BAABA26EE6AC800084A7F /* Sources */,
				833BAABB26EE6AC800084A7F /* Frameworks */,
				833BAABC26EE6AC800084A7F /* Resources */,
			);
			buildRules = (
			);
			dependencies = (
			);
			name = Science;
			productName = Science;
			productReference = 833BAABE26EE6AC800084A7F /* Science.app */;
			productType = "com.apple.product-type.application";
		};
/* End PBXNativeTarget section */

/* Begin PBXProject section */
		833BAAB626EE6AC800084A7F /* Project object */ = {
			isa = PBXProject;
			attributes = {
				LastSwiftUpdateCheck = 1250;
				LastUpgradeCheck = 1250;
				TargetAttributes = {
					833BAABD26EE6AC800084A7F = {
						CreatedOnToolsVersion = 12.5.1;
					};
				};
			};
			buildConfigurationList = 833BAAB926EE6AC800084A7F /* Build configuration list for PBXProject "Science" */;
			compatibilityVersion = "Xcode 9.3";
			developmentRegion = en;
			hasScannedForEncodings = 0;
			knownRegions = (
				en,
				Base,
			);
			mainGroup = 833BAAB526EE6AC800084A7F;
			productRefGroup = 833BAABF26EE6AC800084A7F /* Products */;
			projectDirPath = "";
			projectRoot = "";
			targets = (
				833BAABD26EE6AC800084A7F /* Science */,
			);
		};
/* End PBXProject section */

/* Begin PBXResourcesBuildPhase section */
		833BAABC26EE6AC800084A7F /* Resources */ = {
			isa = PBXResourcesBuildPhase;
			buildActionMask = 2147483647;
			files = (
				833BAAC926EE6ACC00084A7F /* Preview Assets.xcassets in Resources */,
				833BAAC626EE6ACC00084A7F /* Assets.xcassets in Resources */,
			);
			runOnlyForDeploymentPostprocessing = 0;
		};
/* End PBXResourcesBuildPhase section */

/* Begin PBXSourcesBuildPhase section */
		833BAABA26EE6AC800084A7F /* Sources */ = {
			isa = PBXSourcesBuildPhase;
			buildActionMask = 2147483647;
			files = (
				833BAACB26EE6ACC00084A7F /* Persistence.swift in Sources */,
				833BAAC426EE6AC800084A7F /* ContentView.swift in Sources */,
				833BAACE26EE6ACC00084A7F /* Science.xcdatamodeld in Sources */,
				833BAAC226EE6AC800084A7F /* ScienceApp.swift in Sources */,
			);
			runOnlyForDeploymentPostprocessing = 0;
		};
/* End PBXSourcesBuildPhase section */

/* Begin XCBuildConfiguration section */
		833BAAD026EE6ACC00084A7F /* Debug */ = {
			isa = XCBuildConfiguration;
			buildSettings = {
				ALWAYS_SEARCH_USER_PATHS = NO;
				CLANG_ANALYZER_NONNULL = YES;
				CLANG_ANALYZER_NUMBER_OBJECT_CONVERSION = YES_AGGRESSIVE;
				CLANG_CXX_LANGUAGE_STANDARD = "gnu++14";
				CLANG_CXX_LIBRARY = "libc++";
				CLANG_ENABLE_MODULES = YES;
				CLANG_ENABLE_OBJC_ARC = YES;
				CLANG_ENABLE_OBJC_WEAK = YES;
				CLANG_WARN_BLOCK_CAPTURE_AUTORELEASING = YES;
				CLANG_WARN_BOOL_CONVERSION = YES;
				CLANG_WARN_COMMA = YES;
				CLANG_WARN_CONSTANT_CONVERSION = YES;
				CLANG_WARN_DEPRECATED_OBJC_IMPLEMENTATIONS = YES;
				CLANG_WARN_DIRECT_OBJC_ISA_USAGE = YES_ERROR;
				CLANG_WARN_DOCUMENTATION_COMMENTS = YES;
				CLANG_WARN_EMPTY_BODY = YES;
				CLANG_WARN_ENUM_CONVERSION = YES;
				CLANG_WARN_INFINITE_RECURSION = YES;
				CLANG_WARN_INT_CONVERSION = YES;
				CLANG_WARN_NON_LITERAL_NULL_CONVERSION = YES;
				CLANG_WARN_OBJC_IMPLICIT_RETAIN_SELF = YES;
				CLANG_WARN_OBJC_LITERAL_CONVERSION = YES;
				CLANG_WARN_OBJC_ROOT_CLASS = YES_ERROR;
				CLANG_WARN_QUOTED_INCLUDE_IN_FRAMEWORK_HEADER = YES;
				CLANG_WARN_RANGE_LOOP_ANALYSIS = YES;
				CLANG_WARN_STRICT_PROTOTYPES = YES;
				CLANG_WARN_SUSPICIOUS_MOVE = YES;
				CLANG_WARN_UNGUARDED_AVAILABILITY = YES_AGGRESSIVE;
				CLANG_WARN_UNREACHABLE_CODE = YES;
				CLANG_WARN__DUPLICATE_METHOD_MATCH = YES;
				COPY_PHASE_STRIP = NO;
				DEBUG_INFORMATION_FORMAT = dwarf;
				ENABLE_STRICT_OBJC_MSGSEND = YES;
				ENABLE_TESTABILITY = YES;
				GCC_C_LANGUAGE_STANDARD = gnu11;
				GCC_DYNAMIC_NO_PIC = NO;
				GCC_NO_COMMON_BLOCKS = YES;
				GCC_OPTIMIZATION_LEVEL = 0;
				GCC_PREPROCESSOR_DEFINITIONS = (
					"DEBUG=1",
					"$(inherited)",
				);
				GCC_WARN_64_TO_32_BIT_CONVERSION = YES;
				GCC_WARN_ABOUT_RETURN_TYPE = YES_ERROR;
				GCC_WARN_UNDECLARED_SELECTOR = YES;
				GCC_WARN_UNINITIALIZED_AUTOS = YES_AGGRESSIVE;
				GCC_WARN_UNUSED_FUNCTION = YES;
				GCC_WARN_UNUSED_VARIABLE = YES;
				IPHONEOS_DEPLOYMENT_TARGET = 14.5;
				MTL_ENABLE_DEBUG_INFO = INCLUDE_SOURCE;
				MTL_FAST_MATH = YES;
				ONLY_ACTIVE_ARCH = YES;
				SDKROOT = iphoneos;
				SWIFT_ACTIVE_COMPILATION_CONDITIONS = DEBUG;
				SWIFT_OPTIMIZATION_LEVEL = "-Onone";
			};
			name = Debug;
		};
		833BAAD126EE6ACC00084A7F /* Release */ = {
			isa = XCBuildConfiguration;
			buildSettings = {
				ALWAYS_SEARCH_USER_PATHS = NO;
				CLANG_ANALYZER_NONNULL = YES;
				CLANG_ANALYZER_NUMBER_OBJECT_CONVERSION = YES_AGGRESSIVE;
				CLANG_CXX_LANGUAGE_STANDARD = "gnu++14";
				CLANG_CXX_LIBRARY = "libc++";
				CLANG_ENABLE_MODULES = YES;
				CLANG_ENABLE_OBJC_ARC = YES;
				CLANG_ENABLE_OBJC_WEAK = YES;
				CLANG_WARN_BLOCK_CAPTURE_AUTORELEASING = YES;
				CLANG_WARN_BOOL_CONVERSION = YES;
				CLANG_WARN_COMMA = YES;
				CLANG_WARN_CONSTANT_CONVERSION = YES;
				CLANG_WARN_DEPRECATED_OBJC_IMPLEMENTATIONS = YES;
				CLANG_WARN_DIRECT_OBJC_ISA_USAGE = YES_ERROR;
				CLANG_WARN_DOCUMENTATION_COMMENTS = YES;
				CLANG_WARN_EMPTY_BODY = YES;
				CLANG_WARN_ENUM_CONVERSION = YES;
				CLANG_WARN_INFINITE_RECURSION = YES;
				CLANG_WARN_INT_CONVERSION = YES;
				CLANG_WARN_NON_LITERAL_NULL_CONVERSION = YES;
				CLANG_WARN_OBJC_IMPLICIT_RETAIN_SELF = YES;
				CLANG_WARN_OBJC_LITERAL_CONVERSION = YES;
				CLANG_WARN_OBJC_ROOT_CLASS = YES_ERROR;
				CLANG_WARN_QUOTED_INCLUDE_IN_FRAMEWORK_HEADER = YES;
				CLANG_WARN_RANGE_LOOP_ANALYSIS = YES;
				CLANG_WARN_STRICT_PROTOTYPES = YES;
				CLANG_WARN_SUSPICIOUS_MOVE = YES;
				CLANG_WARN_UNGUARDED_AVAILABILITY = YES_AGGRESSIVE;
				CLANG_WARN_UNREACHABLE_CODE = YES;
				CLANG_WARN__DUPLICATE_METHOD_MATCH = YES;
				COPY_PHASE_STRIP = NO;
				DEBUG_INFORMATION_FORMAT = "dwarf-with-dsym";
				ENABLE_NS_ASSERTIONS = NO;
				ENABLE_STRICT_OBJC_MSGSEND = YES;
				GCC_C_LANGUAGE_STANDARD = gnu11;
				GCC_NO_COMMON_BLOCKS = YES;
				GCC_WARN_64_TO_32_BIT_CONVERSION = YES;
				GCC_WARN_ABOUT_RETURN_TYPE = YES_ERROR;
				GCC_WARN_UNDECLARED_SELECTOR = YES;
				GCC_WARN_UNINITIALIZED_AUTOS = YES_AGGRESSIVE;
				GCC_WARN_UNUSED_FUNCTION = YES;
				GCC_WARN_UNUSED_VARIABLE = YES;
				IPHONEOS_DEPLOYMENT_TARGET = 14.5;
				MTL_ENABLE_DEBUG_INFO = NO;
				MTL_FAST_MATH = YES;
				SDKROOT = iphoneos;
				SWIFT_COMPILATION_MODE = wholemodule;
				SWIFT_OPTIMIZATION_LEVEL = "-O";
				VALIDATE_PRODUCT = YES;
			};
			name = Release;
		};
		833BAAD326EE6ACC00084A7F /* Debug */ = {
			isa = XCBuildConfiguration;
			buildSettings = {
				ASSETCATALOG_COMPILER_APPICON_NAME = AppIcon;
				ASSETCATALOG_COMPILER_GLOBAL_ACCENT_COLOR_NAME = AccentColor;
				CODE_SIGN_STYLE = Automatic;
				DEVELOPMENT_ASSET_PATHS = "\"Science/Preview Content\"";
				DEVELOPMENT_TEAM = 9LF7PAL88C;
				ENABLE_PREVIEWS = YES;
				INFOPLIST_FILE = Science/Info.plist;
				IPHONEOS_DEPLOYMENT_TARGET = 14.0;
				LD_RUNPATH_SEARCH_PATHS = (
					"$(inherited)",
					"@executable_path/Frameworks",
				);
				PRODUCT_BUNDLE_IDENTIFIER = com.Science;
				PRODUCT_NAME = "$(TARGET_NAME)";
				SWIFT_VERSION = 5.0;
				TARGETED_DEVICE_FAMILY = "1,2";
			};
			name = Debug;
		};
		833BAAD426EE6ACC00084A7F /* Release */ = {
			isa = XCBuildConfiguration;
			buildSettings = {
				ASSETCATALOG_COMPILER_APPICON_NAME = AppIcon;
				ASSETCATALOG_COMPILER_GLOBAL_ACCENT_COLOR_NAME = AccentColor;
				CODE_SIGN_STYLE = Automatic;
				DEVELOPMENT_ASSET_PATHS = "\"Science/Preview Content\"";
				DEVELOPMENT_TEAM = 9LF7PAL88C;
				ENABLE_PREVIEWS = YES;
				INFOPLIST_FILE = Science/Info.plist;
				IPHONEOS_DEPLOYMENT_TARGET = 14.0;
				LD_RUNPATH_SEARCH_PATHS = (
					"$(inherited)",
					"@executable_path/Frameworks",
				);
				PRODUCT_BUNDLE_IDENTIFIER = com.Science;
				PRODUCT_NAME = "$(TARGET_NAME)";
				SWIFT_VERSION = 5.0;
				TARGETED_DEVICE_FAMILY = "1,2";
			};
			name = Release;
		};
/* End XCBuildConfiguration section */

/* Begin XCConfigurationList section */
		833BAAB926EE6AC800084A7F /* Build configuration list for PBXProject "Science" */ = {
			isa = XCConfigurationList;
			buildConfigurations = (
				833BAAD026EE6ACC00084A7F /* Debug */,
				833BAAD126EE6ACC00084A7F /* Release */,
			);
			defaultConfigurationIsVisible = 0;
			defaultConfigurationName = Release;
		};
		833BAAD226EE6ACC00084A7F /* Build configuration list for PBXNativeTarget "Science" */ = {
			isa = XCConfigurationList;
			buildConfigurations = (
				833BAAD326EE6ACC00084A7F /* Debug */,
				833BAAD426EE6ACC00084A7F /* Release */,
			);
			defaultConfigurationIsVisible = 0;
			defaultConfigurationName = Release;
		};
/* End XCConfigurationList section */

/* Begin XCVersionGroup section */
		833BAACC26EE6ACC00084A7F /* Science.xcdatamodeld */ = {
			isa = XCVersionGroup;
			children = (
				833BAACD26EE6ACC00084A7F /* Science.xcdatamodel */,
			);
			currentVersion = 833BAACD26EE6ACC00084A7F /* Science.xcdatamodel */;
			path = Science.xcdatamodeld;
			sourceTree = "<group>";
			versionGroupType = wrapper.xcdatamodel;
		};
/* End XCVersionGroup section */
	};
	rootObject = 833BAAB626EE6AC800084A7F /* Project object */;
}
